
Microsoft Visual Studio Solution File, Format Version 12.00
# Visual Studio Version 17
VisualStudioVersion = 17.7.34031.279
MinimumVisualStudioVersion = 10.0.40219.1
Project("{9A19103F-16F7-4668-BE54-9A1E7A4F7556}") = "SwaggerExporter", "SwaggerExporter\SwaggerExporter.csproj", "{64DAC653-4226-41D1-B2F3-2C958A494065}"
EndProject
Global
	GlobalSection(SolutionConfigurationPlatforms) = preSolution
		Debug|Any CPU = Debug|Any CPU
		Release|Any CPU = Release|Any CPU
	EndGlobalSection
	GlobalSection(ProjectConfigurationPlatforms) = postSolution
		{64DAC653-4226-41D1-B2F3-2C958A494065}.Debug|Any CPU.ActiveCfg = Debug|Any CPU
		{64DAC653-4226-41D1-B2F3-2C958A494065}.Debug|Any CPU.Build.0 = Debug|Any CPU
		{64DAC653-4226-41D1-B2F3-2C958A494065}.Release|Any CPU.ActiveCfg = Release|Any CPU
		{64DAC653-4226-41D1-B2F3-2C958A494065}.Release|Any CPU.Build.0 = Release|Any CPU
	EndGlobalSection
	GlobalSection(SolutionProperties) = preSolution
		HideSolutionNode = FALSE
	EndGlobalSection
	GlobalSection(ExtensibilityGlobals) = postSolution
		SolutionGuid = {90B093DD-721F-4CF1-8E01-2B9AA58905ED}
	EndGlobalSection
EndGlobal
